
Microsoft Visual Studio Solution File, Format Version 12.00
# Visual Studio Version 16
VisualStudioVersion = 16.0.30002.166
MinimumVisualStudioVersion = 10.0.40219.1
Project("{FAE04EC0-301F-11D3-BF4B-00C04F79EFBC}") = "MvvmZeroTutorialApp.UWP", "MvvmZeroTutorialApp\MvvmZeroTutorialApp.UWP\MvvmZeroTutorialApp.UWP.csproj", "{594D5F90-8750-4390-9FE5-E7BEA63F234F}"
EndProject
Project("{FAE04EC0-301F-11D3-BF4B-00C04F79EFBC}") = "MvvmZeroTutorialApp.Android", "MvvmZeroTutorialApp\MvvmZeroTutorialApp.Android\MvvmZeroTutorialApp.Android.csproj", "{232E282F-4236-4C2C-86AF-D6CA466B5745}"
EndProject
Project("{FAE04EC0-301F-11D3-BF4B-00C04F79EFBC}") = "MvvmZeroTutorialApp.iOS", "MvvmZeroTutorialApp\MvvmZeroTutorialApp.iOS\MvvmZeroTutorialApp.iOS.csproj", "{FD492620-0025-46F6-9CF7-0B6AF5975C8C}"
EndProject
Project("{FAE04EC0-301F-11D3-BF4B-00C04F79EFBC}") = "MvvmZeroTutorialApp", "MvvmZeroTutorialApp\MvvmZeroTutorialApp\MvvmZeroTutorialApp.csproj", "{5F2B9579-B057-4895-8BC1-584CB459F226}"
EndProject
Project("{2150E333-8FDC-42A3-9474-1A3956D46DE8}") = "Images", "Images", "{76D81D8E-1287-4256-8681-F8B0C5C172AE}"
	ProjectSection(SolutionItems) = preProject
		Images\AddClass.png = Images\AddClass.png
		Images\AddClassHomePage.png = Images\AddClassHomePage.png
		Images\AddContentPage.png = Images\AddContentPage.png
		Images\AddNewItemToPages.png = Images\AddNewItemToPages.png
		Images\ChooseProjectTemplate.png = Images\ChooseProjectTemplate.png
		Images\ConfigureProject.png = Images\ConfigureProject.png
		Images\CreateFolderStructure.png = Images\CreateFolderStructure.png
		Images\CreateNewXamarinFormsProject.png = Images\CreateNewXamarinFormsProject.png
		Images\DefaultApplicationRunningUwp.png = Images\DefaultApplicationRunningUwp.png
		Images\FullSolutionTree.png = Images\FullSolutionTree.png
		Images\HomePageUwp.png = Images\HomePageUwp.png
		Images\InstallMvvmZero.png = Images\InstallMvvmZero.png
		Images\InstallSimpleInjector.png = Images\InstallSimpleInjector.png
		Images\LaunchManageNuGetPackages.png = Images\LaunchManageNuGetPackages.png
		Images\OnlyWorkingInMvvmZeroTutorialAppProject.png = Images\OnlyWorkingInMvvmZeroTutorialAppProject.png
		Images\Roadmap.png = Images\Roadmap.png
		Images\RunDefaultApplicationUwp.png = Images\RunDefaultApplicationUwp.png
		Images\SolutionTreePages.png = Images\SolutionTreePages.png
	EndProjectSection
EndProject
Project("{2150E333-8FDC-42A3-9474-1A3956D46DE8}") = "Solution Items", "Solution Items", "{96E57EAF-BF24-46BF-92A0-D09D4135FED1}"
	ProjectSection(SolutionItems) = preProject
		README.md = README.md
	EndProjectSection
EndProject
Global
	GlobalSection(SolutionConfigurationPlatforms) = preSolution
		Debug|Any CPU = Debug|Any CPU
		Debug|ARM = Debug|ARM
		Debug|iPhone = Debug|iPhone
		Debug|iPhoneSimulator = Debug|iPhoneSimulator
		Debug|x64 = Debug|x64
		Debug|x86 = Debug|x86
		Release|Any CPU = Release|Any CPU
		Release|ARM = Release|ARM
		Release|iPhone = Release|iPhone
		Release|iPhoneSimulator = Release|iPhoneSimulator
		Release|x64 = Release|x64
		Release|x86 = Release|x86
	EndGlobalSection
	GlobalSection(ProjectConfigurationPlatforms) = postSolution
		{594D5F90-8750-4390-9FE5-E7BEA63F234F}.Debug|Any CPU.ActiveCfg = Debug|x86
		{594D5F90-8750-4390-9FE5-E7BEA63F234F}.Debug|Any CPU.Build.0 = Debug|x86
		{594D5F90-8750-4390-9FE5-E7BEA63F234F}.Debug|Any CPU.Deploy.0 = Debug|x86
		{594D5F90-8750-4390-9FE5-E7BEA63F234F}.Debug|ARM.ActiveCfg = Debug|ARM
		{594D5F90-8750-4390-9FE5-E7BEA63F234F}.Debug|ARM.Build.0 = Debug|ARM
		{594D5F90-8750-4390-9FE5-E7BEA63F234F}.Debug|ARM.Deploy.0 = Debug|ARM
		{594D5F90-8750-4390-9FE5-E7BEA63F234F}.Debug|iPhone.ActiveCfg = Debug|x86
		{594D5F90-8750-4390-9FE5-E7BEA63F234F}.Debug|iPhone.Build.0 = Debug|x86
		{594D5F90-8750-4390-9FE5-E7BEA63F234F}.Debug|iPhone.Deploy.0 = Debug|x86
		{594D5F90-8750-4390-9FE5-E7BEA63F234F}.Debug|iPhoneSimulator.ActiveCfg = Debug|x86
		{594D5F90-8750-4390-9FE5-E7BEA63F234F}.Debug|iPhoneSimulator.Build.0 = Debug|x86
		{594D5F90-8750-4390-9FE5-E7BEA63F234F}.Debug|iPhoneSimulator.Deploy.0 = Debug|x86
		{594D5F90-8750-4390-9FE5-E7BEA63F234F}.Debug|x64.ActiveCfg = Debug|x64
		{594D5F90-8750-4390-9FE5-E7BEA63F234F}.Debug|x64.Build.0 = Debug|x64
		{594D5F90-8750-4390-9FE5-E7BEA63F234F}.Debug|x64.Deploy.0 = Debug|x64
		{594D5F90-8750-4390-9FE5-E7BEA63F234F}.Debug|x86.ActiveCfg = Debug|x86
		{594D5F90-8750-4390-9FE5-E7BEA63F234F}.Debug|x86.Build.0 = Debug|x86
		{594D5F90-8750-4390-9FE5-E7BEA63F234F}.Debug|x86.Deploy.0 = Debug|x86
		{594D5F90-8750-4390-9FE5-E7BEA63F234F}.Release|Any CPU.ActiveCfg = Release|x86
		{594D5F90-8750-4390-9FE5-E7BEA63F234F}.Release|Any CPU.Build.0 = Release|x86
		{594D5F90-8750-4390-9FE5-E7BEA63F234F}.Release|Any CPU.Deploy.0 = Release|x86
		{594D5F90-8750-4390-9FE5-E7BEA63F234F}.Release|ARM.ActiveCfg = Release|ARM
		{594D5F90-8750-4390-9FE5-E7BEA63F234F}.Release|ARM.Build.0 = Release|ARM
		{594D5F90-8750-4390-9FE5-E7BEA63F234F}.Release|ARM.Deploy.0 = Release|ARM
		{594D5F90-8750-4390-9FE5-E7BEA63F234F}.Release|iPhone.ActiveCfg = Release|x86
		{594D5F90-8750-4390-9FE5-E7BEA63F234F}.Release|iPhone.Build.0 = Release|x86
		{594D5F90-8750-4390-9FE5-E7BEA63F234F}.Release|iPhone.Deploy.0 = Release|x86
		{594D5F90-8750-4390-9FE5-E7BEA63F234F}.Release|iPhoneSimulator.ActiveCfg = Release|x86
		{594D5F90-8750-4390-9FE5-E7BEA63F234F}.Release|iPhoneSimulator.Build.0 = Release|x86
		{594D5F90-8750-4390-9FE5-E7BEA63F234F}.Release|iPhoneSimulator.Deploy.0 = Release|x86
		{594D5F90-8750-4390-9FE5-E7BEA63F234F}.Release|x64.ActiveCfg = Release|x64
		{594D5F90-8750-4390-9FE5-E7BEA63F234F}.Release|x64.Build.0 = Release|x64
		{594D5F90-8750-4390-9FE5-E7BEA63F234F}.Release|x64.Deploy.0 = Release|x64
		{594D5F90-8750-4390-9FE5-E7BEA63F234F}.Release|x86.ActiveCfg = Release|x86
		{594D5F90-8750-4390-9FE5-E7BEA63F234F}.Release|x86.Build.0 = Release|x86
		{594D5F90-8750-4390-9FE5-E7BEA63F234F}.Release|x86.Deploy.0 = Release|x86
		{232E282F-4236-4C2C-86AF-D6CA466B5745}.Debug|Any CPU.ActiveCfg = Debug|Any CPU
		{232E282F-4236-4C2C-86AF-D6CA466B5745}.Debug|Any CPU.Build.0 = Debug|Any CPU
		{232E282F-4236-4C2C-86AF-D6CA466B5745}.Debug|Any CPU.Deploy.0 = Debug|Any CPU
		{232E282F-4236-4C2C-86AF-D6CA466B5745}.Debug|ARM.ActiveCfg = Debug|Any CPU
		{232E282F-4236-4C2C-86AF-D6CA466B5745}.Debug|ARM.Build.0 = Debug|Any CPU
		{232E282F-4236-4C2C-86AF-D6CA466B5745}.Debug|ARM.Deploy.0 = Debug|Any CPU
		{232E282F-4236-4C2C-86AF-D6CA466B5745}.Debug|iPhone.ActiveCfg = Debug|Any CPU
		{232E282F-4236-4C2C-86AF-D6CA466B5745}.Debug|iPhone.Build.0 = Debug|Any CPU
		{232E282F-4236-4C2C-86AF-D6CA466B5745}.Debug|iPhone.Deploy.0 = Debug|Any CPU
		{232E282F-4236-4C2C-86AF-D6CA466B5745}.Debug|iPhoneSimulator.ActiveCfg = Debug|Any CPU
		{232E282F-4236-4C2C-86AF-D6CA466B5745}.Debug|iPhoneSimulator.Build.0 = Debug|Any CPU
		{232E282F-4236-4C2C-86AF-D6CA466B5745}.Debug|iPhoneSimulator.Deploy.0 = Debug|Any CPU
		{232E282F-4236-4C2C-86AF-D6CA466B5745}.Debug|x64.ActiveCfg = Debug|Any CPU
		{232E282F-4236-4C2C-86AF-D6CA466B5745}.Debug|x64.Build.0 = Debug|Any CPU
		{232E282F-4236-4C2C-86AF-D6CA466B5745}.Debug|x64.Deploy.0 = Debug|Any CPU
		{232E282F-4236-4C2C-86AF-D6CA466B5745}.Debug|x86.ActiveCfg = Debug|Any CPU
		{232E282F-4236-4C2C-86AF-D6CA466B5745}.Debug|x86.Build.0 = Debug|Any CPU
		{232E282F-4236-4C2C-86AF-D6CA466B5745}.Debug|x86.Deploy.0 = Debug|Any CPU
		{232E282F-4236-4C2C-86AF-D6CA466B5745}.Release|Any CPU.ActiveCfg = Release|Any CPU
		{232E282F-4236-4C2C-86AF-D6CA466B5745}.Release|Any CPU.Build.0 = Release|Any CPU
		{232E282F-4236-4C2C-86AF-D6CA466B5745}.Release|Any CPU.Deploy.0 = Release|Any CPU
		{232E282F-4236-4C2C-86AF-D6CA466B5745}.Release|ARM.ActiveCfg = Release|Any CPU
		{232E282F-4236-4C2C-86AF-D6CA466B5745}.Release|ARM.Build.0 = Release|Any CPU
		{232E282F-4236-4C2C-86AF-D6CA466B5745}.Release|ARM.Deploy.0 = Release|Any CPU
		{232E282F-4236-4C2C-86AF-D6CA466B5745}.Release|iPhone.ActiveCfg = Release|Any CPU
		{232E282F-4236-4C2C-86AF-D6CA466B5745}.Release|iPhone.Build.0 = Release|Any CPU
		{232E282F-4236-4C2C-86AF-D6CA466B5745}.Release|iPhone.Deploy.0 = Release|Any CPU
		{232E282F-4236-4C2C-86AF-D6CA466B5745}.Release|iPhoneSimulator.ActiveCfg = Release|Any CPU
		{232E282F-4236-4C2C-86AF-D6CA466B5745}.Release|iPhoneSimulator.Build.0 = Release|Any CPU
		{232E282F-4236-4C2C-86AF-D6CA466B5745}.Release|iPhoneSimulator.Deploy.0 = Release|Any CPU
		{232E282F-4236-4C2C-86AF-D6CA466B5745}.Release|x64.ActiveCfg = Release|Any CPU
		{232E282F-4236-4C2C-86AF-D6CA466B5745}.Release|x64.Build.0 = Release|Any CPU
		{232E282F-4236-4C2C-86AF-D6CA466B5745}.Release|x64.Deploy.0 = Release|Any CPU
		{232E282F-4236-4C2C-86AF-D6CA466B5745}.Release|x86.ActiveCfg = Release|Any CPU
		{232E282F-4236-4C2C-86AF-D6CA466B5745}.Release|x86.Build.0 = Release|Any CPU
		{232E282F-4236-4C2C-86AF-D6CA466B5745}.Release|x86.Deploy.0 = Release|Any CPU
		{FD492620-0025-46F6-9CF7-0B6AF5975C8C}.Debug|Any CPU.ActiveCfg = Debug|iPhone
		{FD492620-0025-46F6-9CF7-0B6AF5975C8C}.Debug|Any CPU.Build.0 = Debug|iPhone
		{FD492620-0025-46F6-9CF7-0B6AF5975C8C}.Debug|Any CPU.Deploy.0 = Debug|iPhone
		{FD492620-0025-46F6-9CF7-0B6AF5975C8C}.Debug|ARM.ActiveCfg = Debug|iPhone
		{FD492620-0025-46F6-9CF7-0B6AF5975C8C}.Debug|ARM.Build.0 = Debug|iPhone
		{FD492620-0025-46F6-9CF7-0B6AF5975C8C}.Debug|ARM.Deploy.0 = Debug|iPhone
		{FD492620-0025-46F6-9CF7-0B6AF5975C8C}.Debug|iPhone.ActiveCfg = Debug|iPhone
		{FD492620-0025-46F6-9CF7-0B6AF5975C8C}.Debug|iPhone.Build.0 = Debug|iPhone
		{FD492620-0025-46F6-9CF7-0B6AF5975C8C}.Debug|iPhone.Deploy.0 = Debug|iPhone
		{FD492620-0025-46F6-9CF7-0B6AF5975C8C}.Debug|iPhoneSimulator.ActiveCfg = Debug|iPhoneSimulator
		{FD492620-0025-46F6-9CF7-0B6AF5975C8C}.Debug|iPhoneSimulator.Build.0 = Debug|iPhoneSimulator
		{FD492620-0025-46F6-9CF7-0B6AF5975C8C}.Debug|iPhoneSimulator.Deploy.0 = Debug|iPhoneSimulator
		{FD492620-0025-46F6-9CF7-0B6AF5975C8C}.Debug|x64.ActiveCfg = Debug|iPhone
		{FD492620-0025-46F6-9CF7-0B6AF5975C8C}.Debug|x64.Build.0 = Debug|iPhone
		{FD492620-0025-46F6-9CF7-0B6AF5975C8C}.Debug|x64.Deploy.0 = Debug|iPhone
		{FD492620-0025-46F6-9CF7-0B6AF5975C8C}.Debug|x86.ActiveCfg = Debug|iPhone
		{FD492620-0025-46F6-9CF7-0B6AF5975C8C}.Debug|x86.Build.0 = Debug|iPhone
		{FD492620-0025-46F6-9CF7-0B6AF5975C8C}.Debug|x86.Deploy.0 = Debug|iPhone
		{FD492620-0025-46F6-9CF7-0B6AF5975C8C}.Release|Any CPU.ActiveCfg = Release|iPhone
		{FD492620-0025-46F6-9CF7-0B6AF5975C8C}.Release|Any CPU.Build.0 = Release|iPhone
		{FD492620-0025-46F6-9CF7-0B6AF5975C8C}.Release|Any CPU.Deploy.0 = Release|iPhone
		{FD492620-0025-46F6-9CF7-0B6AF5975C8C}.Release|ARM.ActiveCfg = Release|iPhone
		{FD492620-0025-46F6-9CF7-0B6AF5975C8C}.Release|ARM.Build.0 = Release|iPhone
		{FD492620-0025-46F6-9CF7-0B6AF5975C8C}.Release|ARM.Deploy.0 = Release|iPhone
		{FD492620-0025-46F6-9CF7-0B6AF5975C8C}.Release|iPhone.ActiveCfg = Release|iPhone
		{FD492620-0025-46F6-9CF7-0B6AF5975C8C}.Release|iPhone.Build.0 = Release|iPhone
		{FD492620-0025-46F6-9CF7-0B6AF5975C8C}.Release|iPhone.Deploy.0 = Release|iPhone
		{FD492620-0025-46F6-9CF7-0B6AF5975C8C}.Release|iPhoneSimulator.ActiveCfg = Release|iPhoneSimulator
		{FD492620-0025-46F6-9CF7-0B6AF5975C8C}.Release|iPhoneSimulator.Build.0 = Release|iPhoneSimulator
		{FD492620-0025-46F6-9CF7-0B6AF5975C8C}.Release|iPhoneSimulator.Deploy.0 = Release|iPhoneSimulator
		{FD492620-0025-46F6-9CF7-0B6AF5975C8C}.Release|x64.ActiveCfg = Release|iPhone
		{FD492620-0025-46F6-9CF7-0B6AF5975C8C}.Release|x64.Build.0 = Release|iPhone
		{FD492620-0025-46F6-9CF7-0B6AF5975C8C}.Release|x64.Deploy.0 = Release|iPhone
		{FD492620-0025-46F6-9CF7-0B6AF5975C8C}.Release|x86.ActiveCfg = Release|iPhone
		{FD492620-0025-46F6-9CF7-0B6AF5975C8C}.Release|x86.Build.0 = Release|iPhone
		{FD492620-0025-46F6-9CF7-0B6AF5975C8C}.Release|x86.Deploy.0 = Release|iPhone
		{5F2B9579-B057-4895-8BC1-584CB459F226}.Debug|Any CPU.ActiveCfg = Debug|Any CPU
		{5F2B9579-B057-4895-8BC1-584CB459F226}.Debug|Any CPU.Build.0 = Debug|Any CPU
		{5F2B9579-B057-4895-8BC1-584CB459F226}.Debug|Any CPU.Deploy.0 = Debug|Any CPU
		{5F2B9579-B057-4895-8BC1-584CB459F226}.Debug|ARM.ActiveCfg = Debug|Any CPU
		{5F2B9579-B057-4895-8BC1-584CB459F226}.Debug|ARM.Build.0 = Debug|Any CPU
		{5F2B9579-B057-4895-8BC1-584CB459F226}.Debug|ARM.Deploy.0 = Debug|Any CPU
		{5F2B9579-B057-4895-8BC1-584CB459F226}.Debug|iPhone.ActiveCfg = Debug|Any CPU
		{5F2B9579-B057-4895-8BC1-584CB459F226}.Debug|iPhone.Build.0 = Debug|Any CPU
		{5F2B9579-B057-4895-8BC1-584CB459F226}.Debug|iPhone.Deploy.0 = Debug|Any CPU
		{5F2B9579-B057-4895-8BC1-584CB459F226}.Debug|iPhoneSimulator.ActiveCfg = Debug|Any CPU
		{5F2B9579-B057-4895-8BC1-584CB459F226}.Debug|iPhoneSimulator.Build.0 = Debug|Any CPU
		{5F2B9579-B057-4895-8BC1-584CB459F226}.Debug|iPhoneSimulator.Deploy.0 = Debug|Any CPU
		{5F2B9579-B057-4895-8BC1-584CB459F226}.Debug|x64.ActiveCfg = Debug|Any CPU
		{5F2B9579-B057-4895-8BC1-584CB459F226}.Debug|x64.Build.0 = Debug|Any CPU
		{5F2B9579-B057-4895-8BC1-584CB459F226}.Debug|x64.Deploy.0 = Debug|Any CPU
		{5F2B9579-B057-4895-8BC1-584CB459F226}.Debug|x86.ActiveCfg = Debug|Any CPU
		{5F2B9579-B057-4895-8BC1-584CB459F226}.Debug|x86.Build.0 = Debug|Any CPU
		{5F2B9579-B057-4895-8BC1-584CB459F226}.Debug|x86.Deploy.0 = Debug|Any CPU
		{5F2B9579-B057-4895-8BC1-584CB459F226}.Release|Any CPU.ActiveCfg = Release|Any CPU
		{5F2B9579-B057-4895-8BC1-584CB459F226}.Release|Any CPU.Build.0 = Release|Any CPU
		{5F2B9579-B057-4895-8BC1-584CB459F226}.Release|Any CPU.Deploy.0 = Release|Any CPU
		{5F2B9579-B057-4895-8BC1-584CB459F226}.Release|ARM.ActiveCfg = Release|Any CPU
		{5F2B9579-B057-4895-8BC1-584CB459F226}.Release|ARM.Build.0 = Release|Any CPU
		{5F2B9579-B057-4895-8BC1-584CB459F226}.Release|ARM.Deploy.0 = Release|Any CPU
		{5F2B9579-B057-4895-8BC1-584CB459F226}.Release|iPhone.ActiveCfg = Release|Any CPU
		{5F2B9579-B057-4895-8BC1-584CB459F226}.Release|iPhone.Build.0 = Release|Any CPU
		{5F2B9579-B057-4895-8BC1-584CB459F226}.Release|iPhone.Deploy.0 = Release|Any CPU
		{5F2B9579-B057-4895-8BC1-584CB459F226}.Release|iPhoneSimulator.ActiveCfg = Release|Any CPU
		{5F2B9579-B057-4895-8BC1-584CB459F226}.Release|iPhoneSimulator.Build.0 = Release|Any CPU
		{5F2B9579-B057-4895-8BC1-584CB459F226}.Release|iPhoneSimulator.Deploy.0 = Release|Any CPU
		{5F2B9579-B057-4895-8BC1-584CB459F226}.Release|x64.ActiveCfg = Release|Any CPU
		{5F2B9579-B057-4895-8BC1-584CB459F226}.Release|x64.Build.0 = Release|Any CPU
		{5F2B9579-B057-4895-8BC1-584CB459F226}.Release|x64.Deploy.0 = Release|Any CPU
		{5F2B9579-B057-4895-8BC1-584CB459F226}.Release|x86.ActiveCfg = Release|Any CPU
		{5F2B9579-B057-4895-8BC1-584CB459F226}.Release|x86.Build.0 = Release|Any CPU
		{5F2B9579-B057-4895-8BC1-584CB459F226}.Release|x86.Deploy.0 = Release|Any CPU
	EndGlobalSection
	GlobalSection(SolutionProperties) = preSolution
		HideSolutionNode = FALSE
	EndGlobalSection
	GlobalSection(NestedProjects) = preSolution
		{76D81D8E-1287-4256-8681-F8B0C5C172AE} = {96E57EAF-BF24-46BF-92A0-D09D4135FED1}
	EndGlobalSection
	GlobalSection(ExtensibilityGlobals) = postSolution
		SolutionGuid = {80F9FDB8-C408-4525-BD80-4D497A1AE8B1}
	EndGlobalSection
EndGlobal
